
Microsoft Visual Studio Solution File, Format Version 12.00
# Visual Studio 15
VisualStudioVersion = 15.0.27428.2037
MinimumVisualStudioVersion = 10.0.40219.1
Project("{FAE04EC0-301F-11D3-BF4B-00C04F79EFBC}") = "SteamAccCreator", "SteamAccCreator\SteamAccCreator.csproj", "{0D27F487-C4E3-4F60-9DDE-6C0924280B79}"
EndProject
Project("{54435603-DBB4-11D2-8724-00A0C9A8B90C}") = "LothosGenSetup", "LothosGenSetup\LothosGenSetup.vdproj", "{6BE3EDB6-6203-4B42-BB57-82C63ACFEC8A}"
EndProject
Global
	GlobalSection(SolutionConfigurationPlatforms) = preSolution
		Debug|Any CPU = Debug|Any CPU
		Debug|x86 = Debug|x86
		Release|Any CPU = Release|Any CPU
		Release|x86 = Release|x86
	EndGlobalSection
	GlobalSection(ProjectConfigurationPlatforms) = postSolution
		{0D27F487-C4E3-4F60-9DDE-6C0924280B79}.Debug|Any CPU.ActiveCfg = Debug|Any CPU
		{0D27F487-C4E3-4F60-9DDE-6C0924280B79}.Debug|Any CPU.Build.0 = Debug|Any CPU
		{0D27F487-C4E3-4F60-9DDE-6C0924280B79}.Debug|x86.ActiveCfg = Debug|x86
		{0D27F487-C4E3-4F60-9DDE-6C0924280B79}.Debug|x86.Build.0 = Debug|x86
		{0D27F487-C4E3-4F60-9DDE-6C0924280B79}.Release|Any CPU.ActiveCfg = Release|Any CPU
		{0D27F487-C4E3-4F60-9DDE-6C0924280B79}.Release|Any CPU.Build.0 = Release|Any CPU
		{0D27F487-C4E3-4F60-9DDE-6C0924280B79}.Release|x86.ActiveCfg = Release|x86
		{0D27F487-C4E3-4F60-9DDE-6C0924280B79}.Release|x86.Build.0 = Release|x86
		{6BE3EDB6-6203-4B42-BB57-82C63ACFEC8A}.Debug|Any CPU.ActiveCfg = Debug
		{6BE3EDB6-6203-4B42-BB57-82C63ACFEC8A}.Debug|x86.ActiveCfg = Debug
		{6BE3EDB6-6203-4B42-BB57-82C63ACFEC8A}.Release|Any CPU.ActiveCfg = Release
		{6BE3EDB6-6203-4B42-BB57-82C63ACFEC8A}.Release|x86.ActiveCfg = Release
	EndGlobalSection
	GlobalSection(SolutionProperties) = preSolution
		HideSolutionNode = FALSE
	EndGlobalSection
	GlobalSection(ExtensibilityGlobals) = postSolution
		SolutionGuid = {467B3D80-FE32-4703-8BC0-1B5CDF172B91}
	EndGlobalSection
EndGlobal
